// !$*UTF8*$!
{
	archiveVersion = 1;
	classes = {
	};
	objectVersion = 48;
	objects = {

/* Begin PBXBuildFile section */
		1D7760FFB8EFDB5900831031 /* Pods_JSwiftTests.framework in Frameworks */ = {isa = PBXBuildFile; fileRef = DEF54C8C19292547A8AA4AF0 /* Pods_JSwiftTests.framework */; };
		7E806C928E4EB61E8FAAC0C3 /* Pods_JSwift.framework in Frameworks */ = {isa = PBXBuildFile; fileRef = 081CAA030AD95301377F6025 /* Pods_JSwift.framework */; };
		8AB253A5AD07C2718B5E6EBD /* Pods_JSwiftExtension.framework in Frameworks */ = {isa = PBXBuildFile; fileRef = CECEC8F890A2B3C0EE885F09 /* Pods_JSwiftExtension.framework */; };
		E208544620A2577A00DC6D6D /* Errors.swift in Sources */ = {isa = PBXBuildFile; fileRef = E208544520A2577A00DC6D6D /* Errors.swift */; };
		E208544C20A2783600DC6D6D /* Cocoa.framework in Frameworks */ = {isa = PBXBuildFile; fileRef = E2772C7B20791E06004BE3E5 /* Cocoa.framework */; };
		E208544F20A2783600DC6D6D /* SourceEditorExtension.swift in Sources */ = {isa = PBXBuildFile; fileRef = E208544E20A2783600DC6D6D /* SourceEditorExtension.swift */; };
		E208545120A2783600DC6D6D /* SourceEditorCommand.swift in Sources */ = {isa = PBXBuildFile; fileRef = E208545020A2783600DC6D6D /* SourceEditorCommand.swift */; };
		E208545620A2783600DC6D6D /* JSwiftExtension.appex in Embed App Extensions */ = {isa = PBXBuildFile; fileRef = E208544B20A2783500DC6D6D /* JSwiftExtension.appex */; settings = {ATTRIBUTES = (RemoveHeadersOnCopy, ); }; };
		E21789272098886D00DF4A87 /* Assembler.swift in Sources */ = {isa = PBXBuildFile; fileRef = E21789262098886D00DF4A87 /* Assembler.swift */; };
		E2178929209888A900DF4A87 /* DictGenerator.swift in Sources */ = {isa = PBXBuildFile; fileRef = E2178928209888A900DF4A87 /* DictGenerator.swift */; };
		E224377020A2F75300305F46 /* Extensions.swift in Sources */ = {isa = PBXBuildFile; fileRef = E2EFFBC12048C70300D7C943 /* Extensions.swift */; };
		E224377220A2F75900305F46 /* PathFinder.swift in Sources */ = {isa = PBXBuildFile; fileRef = E2677E7B207F7F9400315A03 /* PathFinder.swift */; };
		E224377320A2F75D00305F46 /* Assembler.swift in Sources */ = {isa = PBXBuildFile; fileRef = E21789262098886D00DF4A87 /* Assembler.swift */; };
		E224377420A2F75F00305F46 /* SwiftGenerator.swift in Sources */ = {isa = PBXBuildFile; fileRef = E261719A207F85D900ED74C8 /* SwiftGenerator.swift */; };
		E224377520A2F76200305F46 /* FileGenerator.swift in Sources */ = {isa = PBXBuildFile; fileRef = E2B0529020497EBC0091C024 /* FileGenerator.swift */; };
		E224377620A2F76400305F46 /* DictGenerator.swift in Sources */ = {isa = PBXBuildFile; fileRef = E2178928209888A900DF4A87 /* DictGenerator.swift */; };
		E224377720A2F76700305F46 /* PrimitiveTypes.swift in Sources */ = {isa = PBXBuildFile; fileRef = E2F4FF1920487B4300E6E7D1 /* PrimitiveTypes.swift */; };
		E224377820A2F76A00305F46 /* PrimitiveTypeHelper.swift in Sources */ = {isa = PBXBuildFile; fileRef = E2F4FF1720487AFE00E6E7D1 /* PrimitiveTypeHelper.swift */; };
		E224377920A2F76C00305F46 /* Errors.swift in Sources */ = {isa = PBXBuildFile; fileRef = E208544520A2577A00DC6D6D /* Errors.swift */; };
		E22B39FC20A4B4B7005EFF9B /* AssembleJSONTests.swift in Sources */ = {isa = PBXBuildFile; fileRef = E22B39F220A4B4B7005EFF9B /* AssembleJSONTests.swift */; };
		E22B39FD20A4B4B7005EFF9B /* Info.plist in Resources */ = {isa = PBXBuildFile; fileRef = E22B39F320A4B4B7005EFF9B /* Info.plist */; };
		E22B39FF20A4B4B7005EFF9B /* ArrayObject.json in Resources */ = {isa = PBXBuildFile; fileRef = E22B39F620A4B4B7005EFF9B /* ArrayObject.json */; };
		E22B3A0020A4B4B7005EFF9B /* Data.json in Resources */ = {isa = PBXBuildFile; fileRef = E22B39F720A4B4B7005EFF9B /* Data.json */; };
		E22B3A0120A4B4B7005EFF9B /* JSON.json in Resources */ = {isa = PBXBuildFile; fileRef = E22B39F820A4B4B7005EFF9B /* JSON.json */; };
		E22B3A0220A4B4B7005EFF9B /* Object.json in Resources */ = {isa = PBXBuildFile; fileRef = E22B39F920A4B4B7005EFF9B /* Object.json */; };
		E22B3A0320A4B4B7005EFF9B /* JSON.swift in Sources */ = {isa = PBXBuildFile; fileRef = E22B39FA20A4B4B7005EFF9B /* JSON.swift */; };
		E22B3A0420A4B4B7005EFF9B /* PrimitiveTypeHelperTests.swift in Sources */ = {isa = PBXBuildFile; fileRef = E22B39FB20A4B4B7005EFF9B /* PrimitiveTypeHelperTests.swift */; };
		E261719B207F85D900ED74C8 /* SwiftGenerator.swift in Sources */ = {isa = PBXBuildFile; fileRef = E261719A207F85D900ED74C8 /* SwiftGenerator.swift */; };
		E2677E7C207F7F9400315A03 /* PathFinder.swift in Sources */ = {isa = PBXBuildFile; fileRef = E2677E7B207F7F9400315A03 /* PathFinder.swift */; };
		E28BE5752048584E004D8275 /* AppDelegate.swift in Sources */ = {isa = PBXBuildFile; fileRef = E28BE5742048584E004D8275 /* AppDelegate.swift */; };
		E28BE5772048584E004D8275 /* ViewController.swift in Sources */ = {isa = PBXBuildFile; fileRef = E28BE5762048584E004D8275 /* ViewController.swift */; };
		E28BE5792048584E004D8275 /* Assets.xcassets in Resources */ = {isa = PBXBuildFile; fileRef = E28BE5782048584E004D8275 /* Assets.xcassets */; };
		E28BE57C2048584E004D8275 /* Main.storyboard in Resources */ = {isa = PBXBuildFile; fileRef = E28BE57A2048584E004D8275 /* Main.storyboard */; };
		E2B0529120497EBC0091C024 /* FileGenerator.swift in Sources */ = {isa = PBXBuildFile; fileRef = E2B0529020497EBC0091C024 /* FileGenerator.swift */; };
		E2EFFBC22048C70300D7C943 /* Extensions.swift in Sources */ = {isa = PBXBuildFile; fileRef = E2EFFBC12048C70300D7C943 /* Extensions.swift */; };
		E2F4FF1820487AFE00E6E7D1 /* PrimitiveTypeHelper.swift in Sources */ = {isa = PBXBuildFile; fileRef = E2F4FF1720487AFE00E6E7D1 /* PrimitiveTypeHelper.swift */; };
		E2F4FF1A20487B4300E6E7D1 /* PrimitiveTypes.swift in Sources */ = {isa = PBXBuildFile; fileRef = E2F4FF1920487B4300E6E7D1 /* PrimitiveTypes.swift */; };
/* End PBXBuildFile section */

/* Begin PBXContainerItemProxy section */
		E208545420A2783600DC6D6D /* PBXContainerItemProxy */ = {
			isa = PBXContainerItemProxy;
			containerPortal = E28BE5692048584E004D8275 /* Project object */;
			proxyType = 1;
			remoteGlobalIDString = E208544A20A2783500DC6D6D;
			remoteInfo = JSwiftExtension;
		};
		E28BE5842048584F004D8275 /* PBXContainerItemProxy */ = {
			isa = PBXContainerItemProxy;
			containerPortal = E28BE5692048584E004D8275 /* Project object */;
			proxyType = 1;
			remoteGlobalIDString = E28BE5702048584E004D8275;
			remoteInfo = JSON2SWIFT;
		};
/* End PBXContainerItemProxy section */

/* Begin PBXCopyFilesBuildPhase section */
		E2772C8A20791E06004BE3E5 /* Embed App Extensions */ = {
			isa = PBXCopyFilesBuildPhase;
			buildActionMask = 2147483647;
			dstPath = "";
			dstSubfolderSpec = 13;
			files = (
				E208545620A2783600DC6D6D /* JSwiftExtension.appex in Embed App Extensions */,
			);
			name = "Embed App Extensions";
			runOnlyForDeploymentPostprocessing = 0;
		};
/* End PBXCopyFilesBuildPhase section */

/* Begin PBXFileReference section */
		081CAA030AD95301377F6025 /* Pods_JSwift.framework */ = {isa = PBXFileReference; explicitFileType = wrapper.framework; includeInIndex = 0; path = Pods_JSwift.framework; sourceTree = BUILT_PRODUCTS_DIR; };
		09AB57692AA3D688CCAB0D43 /* Pods-JSwift.release.xcconfig */ = {isa = PBXFileReference; includeInIndex = 1; lastKnownFileType = text.xcconfig; name = "Pods-JSwift.release.xcconfig"; path = "Pods/Target Support Files/Pods-JSwift/Pods-JSwift.release.xcconfig"; sourceTree = "<group>"; };
		3E0877BAA78024E01CF05DC1 /* Pods-JSwiftTests.release.xcconfig */ = {isa = PBXFileReference; includeInIndex = 1; lastKnownFileType = text.xcconfig; name = "Pods-JSwiftTests.release.xcconfig"; path = "Pods/Target Support Files/Pods-JSwiftTests/Pods-JSwiftTests.release.xcconfig"; sourceTree = "<group>"; };
		979ECFC8D95E4120ADBC5F34 /* Pods-JSwiftExtension.debug.xcconfig */ = {isa = PBXFileReference; includeInIndex = 1; lastKnownFileType = text.xcconfig; name = "Pods-JSwiftExtension.debug.xcconfig"; path = "Pods/Target Support Files/Pods-JSwiftExtension/Pods-JSwiftExtension.debug.xcconfig"; sourceTree = "<group>"; };
		AC9AB1ABF6DEF812C66DC00D /* Pods-JSwiftTests.debug.xcconfig */ = {isa = PBXFileReference; includeInIndex = 1; lastKnownFileType = text.xcconfig; name = "Pods-JSwiftTests.debug.xcconfig"; path = "Pods/Target Support Files/Pods-JSwiftTests/Pods-JSwiftTests.debug.xcconfig"; sourceTree = "<group>"; };
		C3CADD60671B5ABC581CE373 /* Pods-JSwift.debug.xcconfig */ = {isa = PBXFileReference; includeInIndex = 1; lastKnownFileType = text.xcconfig; name = "Pods-JSwift.debug.xcconfig"; path = "Pods/Target Support Files/Pods-JSwift/Pods-JSwift.debug.xcconfig"; sourceTree = "<group>"; };
		C973E000797033748C36EB7A /* Pods-JSwiftExtension.release.xcconfig */ = {isa = PBXFileReference; includeInIndex = 1; lastKnownFileType = text.xcconfig; name = "Pods-JSwiftExtension.release.xcconfig"; path = "Pods/Target Support Files/Pods-JSwiftExtension/Pods-JSwiftExtension.release.xcconfig"; sourceTree = "<group>"; };
		CECEC8F890A2B3C0EE885F09 /* Pods_JSwiftExtension.framework */ = {isa = PBXFileReference; explicitFileType = wrapper.framework; includeInIndex = 0; path = Pods_JSwiftExtension.framework; sourceTree = BUILT_PRODUCTS_DIR; };
		DEF54C8C19292547A8AA4AF0 /* Pods_JSwiftTests.framework */ = {isa = PBXFileReference; explicitFileType = wrapper.framework; includeInIndex = 0; path = Pods_JSwiftTests.framework; sourceTree = BUILT_PRODUCTS_DIR; };
		E208544520A2577A00DC6D6D /* Errors.swift */ = {isa = PBXFileReference; lastKnownFileType = sourcecode.swift; path = Errors.swift; sourceTree = "<group>"; };
		E208544B20A2783500DC6D6D /* JSwiftExtension.appex */ = {isa = PBXFileReference; explicitFileType = "wrapper.app-extension"; includeInIndex = 0; path = JSwiftExtension.appex; sourceTree = BUILT_PRODUCTS_DIR; };
		E208544E20A2783600DC6D6D /* SourceEditorExtension.swift */ = {isa = PBXFileReference; lastKnownFileType = sourcecode.swift; path = SourceEditorExtension.swift; sourceTree = "<group>"; };
		E208545020A2783600DC6D6D /* SourceEditorCommand.swift */ = {isa = PBXFileReference; lastKnownFileType = sourcecode.swift; path = SourceEditorCommand.swift; sourceTree = "<group>"; };
		E208545220A2783600DC6D6D /* Info.plist */ = {isa = PBXFileReference; lastKnownFileType = text.plist.xml; path = Info.plist; sourceTree = "<group>"; };
		E208545320A2783600DC6D6D /* JSwiftExtension.entitlements */ = {isa = PBXFileReference; lastKnownFileType = text.plist.entitlements; path = JSwiftExtension.entitlements; sourceTree = "<group>"; };
		E21789262098886D00DF4A87 /* Assembler.swift */ = {isa = PBXFileReference; lastKnownFileType = sourcecode.swift; path = Assembler.swift; sourceTree = "<group>"; };
		E2178928209888A900DF4A87 /* DictGenerator.swift */ = {isa = PBXFileReference; lastKnownFileType = sourcecode.swift; path = DictGenerator.swift; sourceTree = "<group>"; };
		E22B39F220A4B4B7005EFF9B /* AssembleJSONTests.swift */ = {isa = PBXFileReference; fileEncoding = 4; lastKnownFileType = sourcecode.swift; path = AssembleJSONTests.swift; sourceTree = "<group>"; };
		E22B39F320A4B4B7005EFF9B /* Info.plist */ = {isa = PBXFileReference; fileEncoding = 4; lastKnownFileType = text.plist.xml; path = Info.plist; sourceTree = "<group>"; };
		E22B39F620A4B4B7005EFF9B /* ArrayObject.json */ = {isa = PBXFileReference; fileEncoding = 4; lastKnownFileType = text.json; path = ArrayObject.json; sourceTree = "<group>"; };
		E22B39F720A4B4B7005EFF9B /* Data.json */ = {isa = PBXFileReference; fileEncoding = 4; lastKnownFileType = text.json; path = Data.json; sourceTree = "<group>"; };
		E22B39F820A4B4B7005EFF9B /* JSON.json */ = {isa = PBXFileReference; fileEncoding = 4; lastKnownFileType = text.json; path = JSON.json; sourceTree = "<group>"; };
		E22B39F920A4B4B7005EFF9B /* Object.json */ = {isa = PBXFileReference; fileEncoding = 4; lastKnownFileType = text.json; path = Object.json; sourceTree = "<group>"; };
		E22B39FA20A4B4B7005EFF9B /* JSON.swift */ = {isa = PBXFileReference; fileEncoding = 4; lastKnownFileType = sourcecode.swift; path = JSON.swift; sourceTree = "<group>"; };
		E22B39FB20A4B4B7005EFF9B /* PrimitiveTypeHelperTests.swift */ = {isa = PBXFileReference; fileEncoding = 4; lastKnownFileType = sourcecode.swift; path = PrimitiveTypeHelperTests.swift; sourceTree = "<group>"; };
		E261719A207F85D900ED74C8 /* SwiftGenerator.swift */ = {isa = PBXFileReference; lastKnownFileType = sourcecode.swift; path = SwiftGenerator.swift; sourceTree = "<group>"; };
		E2677E7B207F7F9400315A03 /* PathFinder.swift */ = {isa = PBXFileReference; lastKnownFileType = sourcecode.swift; path = PathFinder.swift; sourceTree = "<group>"; };
		E2772C7B20791E06004BE3E5 /* Cocoa.framework */ = {isa = PBXFileReference; lastKnownFileType = wrapper.framework; name = Cocoa.framework; path = System/Library/Frameworks/Cocoa.framework; sourceTree = SDKROOT; };
		E28BE5712048584E004D8275 /* JSwift.app */ = {isa = PBXFileReference; explicitFileType = wrapper.application; includeInIndex = 0; path = JSwift.app; sourceTree = BUILT_PRODUCTS_DIR; };
		E28BE5742048584E004D8275 /* AppDelegate.swift */ = {isa = PBXFileReference; lastKnownFileType = sourcecode.swift; path = AppDelegate.swift; sourceTree = "<group>"; };
		E28BE5762048584E004D8275 /* ViewController.swift */ = {isa = PBXFileReference; lastKnownFileType = sourcecode.swift; path = ViewController.swift; sourceTree = "<group>"; };
		E28BE5782048584E004D8275 /* Assets.xcassets */ = {isa = PBXFileReference; lastKnownFileType = folder.assetcatalog; path = Assets.xcassets; sourceTree = "<group>"; };
		E28BE57B2048584E004D8275 /* Base */ = {isa = PBXFileReference; lastKnownFileType = file.storyboard; name = Base; path = Base.lproj/Main.storyboard; sourceTree = "<group>"; };
		E28BE57D2048584E004D8275 /* Info.plist */ = {isa = PBXFileReference; lastKnownFileType = text.plist.xml; path = Info.plist; sourceTree = "<group>"; };
		E28BE57E2048584E004D8275 /* JSwift.entitlements */ = {isa = PBXFileReference; lastKnownFileType = text.plist.entitlements; path = JSwift.entitlements; sourceTree = "<group>"; };
		E28BE5832048584F004D8275 /* JSwiftTests.xctest */ = {isa = PBXFileReference; explicitFileType = wrapper.cfbundle; includeInIndex = 0; path = JSwiftTests.xctest; sourceTree = BUILT_PRODUCTS_DIR; };
		E2B0529020497EBC0091C024 /* FileGenerator.swift */ = {isa = PBXFileReference; lastKnownFileType = sourcecode.swift; path = FileGenerator.swift; sourceTree = "<group>"; };
		E2EFFBC12048C70300D7C943 /* Extensions.swift */ = {isa = PBXFileReference; lastKnownFileType = sourcecode.swift; path = Extensions.swift; sourceTree = "<group>"; };
		E2F4FF1720487AFE00E6E7D1 /* PrimitiveTypeHelper.swift */ = {isa = PBXFileReference; lastKnownFileType = sourcecode.swift; path = PrimitiveTypeHelper.swift; sourceTree = "<group>"; };
		E2F4FF1920487B4300E6E7D1 /* PrimitiveTypes.swift */ = {isa = PBXFileReference; lastKnownFileType = sourcecode.swift; path = PrimitiveTypes.swift; sourceTree = "<group>"; };
/* End PBXFileReference section */

/* Begin PBXFrameworksBuildPhase section */
		E208544820A2783500DC6D6D /* Frameworks */ = {
			isa = PBXFrameworksBuildPhase;
			buildActionMask = 2147483647;
			files = (
				E208544C20A2783600DC6D6D /* Cocoa.framework in Frameworks */,
				8AB253A5AD07C2718B5E6EBD /* Pods_JSwiftExtension.framework in Frameworks */,
			);
			runOnlyForDeploymentPostprocessing = 0;
		};
		E28BE56E2048584E004D8275 /* Frameworks */ = {
			isa = PBXFrameworksBuildPhase;
			buildActionMask = 2147483647;
			files = (
				7E806C928E4EB61E8FAAC0C3 /* Pods_JSwift.framework in Frameworks */,
			);
			runOnlyForDeploymentPostprocessing = 0;
		};
		E28BE5802048584F004D8275 /* Frameworks */ = {
			isa = PBXFrameworksBuildPhase;
			buildActionMask = 2147483647;
			files = (
				1D7760FFB8EFDB5900831031 /* Pods_JSwiftTests.framework in Frameworks */,
			);
			runOnlyForDeploymentPostprocessing = 0;
		};
/* End PBXFrameworksBuildPhase section */

/* Begin PBXGroup section */
		2D1F46DA34B4D5A1C61622ED /* Pods */ = {
			isa = PBXGroup;
			children = (
				C3CADD60671B5ABC581CE373 /* Pods-JSwift.debug.xcconfig */,
				09AB57692AA3D688CCAB0D43 /* Pods-JSwift.release.xcconfig */,
				979ECFC8D95E4120ADBC5F34 /* Pods-JSwiftExtension.debug.xcconfig */,
				C973E000797033748C36EB7A /* Pods-JSwiftExtension.release.xcconfig */,
				AC9AB1ABF6DEF812C66DC00D /* Pods-JSwiftTests.debug.xcconfig */,
				3E0877BAA78024E01CF05DC1 /* Pods-JSwiftTests.release.xcconfig */,
			);
			name = Pods;
			sourceTree = "<group>";
		};
		ABA12A95BD0C32062C6A137C /* Frameworks */ = {
			isa = PBXGroup;
			children = (
				E2772C7B20791E06004BE3E5 /* Cocoa.framework */,
				081CAA030AD95301377F6025 /* Pods_JSwift.framework */,
				CECEC8F890A2B3C0EE885F09 /* Pods_JSwiftExtension.framework */,
				DEF54C8C19292547A8AA4AF0 /* Pods_JSwiftTests.framework */,
			);
			name = Frameworks;
			sourceTree = "<group>";
		};
		E208544D20A2783600DC6D6D /* JSwiftExtension */ = {
			isa = PBXGroup;
			children = (
				E208544E20A2783600DC6D6D /* SourceEditorExtension.swift */,
				E208545020A2783600DC6D6D /* SourceEditorCommand.swift */,
				E208545220A2783600DC6D6D /* Info.plist */,
				E208545320A2783600DC6D6D /* JSwiftExtension.entitlements */,
			);
			path = JSwiftExtension;
			sourceTree = "<group>";
		};
		E22B39F120A4B4B7005EFF9B /* JSwiftTests */ = {
			isa = PBXGroup;
			children = (
				E22B39F220A4B4B7005EFF9B /* AssembleJSONTests.swift */,
				E22B39FB20A4B4B7005EFF9B /* PrimitiveTypeHelperTests.swift */,
				E22B39F320A4B4B7005EFF9B /* Info.plist */,
				E22B39F520A4B4B7005EFF9B /* JSON */,
			);
			path = JSwiftTests;
			sourceTree = SOURCE_ROOT;
		};
		E22B39F520A4B4B7005EFF9B /* JSON */ = {
			isa = PBXGroup;
			children = (
				E22B39FA20A4B4B7005EFF9B /* JSON.swift */,
				E22B39F620A4B4B7005EFF9B /* ArrayObject.json */,
				E22B39F720A4B4B7005EFF9B /* Data.json */,
				E22B39F820A4B4B7005EFF9B /* JSON.json */,
				E22B39F920A4B4B7005EFF9B /* Object.json */,
			);
			path = JSON;
			sourceTree = "<group>";
		};
		E2565EAA20951F6E0076B24F /* Primitives */ = {
			isa = PBXGroup;
			children = (
				E2F4FF1920487B4300E6E7D1 /* PrimitiveTypes.swift */,
				E2F4FF1720487AFE00E6E7D1 /* PrimitiveTypeHelper.swift */,
			);
			path = Primitives;
			sourceTree = "<group>";
		};
		E2565EAB20951F8D0076B24F /* Generator */ = {
			isa = PBXGroup;
			children = (
				E2178928209888A900DF4A87 /* DictGenerator.swift */,
				E2B0529020497EBC0091C024 /* FileGenerator.swift */,
				E261719A207F85D900ED74C8 /* SwiftGenerator.swift */,
				E21789262098886D00DF4A87 /* Assembler.swift */,
			);
			path = Generator;
			sourceTree = "<group>";
		};
		E2565EAC20951FC40076B24F /* Helpers */ = {
			isa = PBXGroup;
			children = (
				E2677E7B207F7F9400315A03 /* PathFinder.swift */,
			);
			path = Helpers;
			sourceTree = "<group>";
		};
		E2565EAD209522200076B24F /* Extensions */ = {
			isa = PBXGroup;
			children = (
				E2EFFBC12048C70300D7C943 /* Extensions.swift */,
			);
			path = Extensions;
			sourceTree = "<group>";
		};
		E28BE5682048584E004D8275 = {
			isa = PBXGroup;
			children = (
				E28BE5732048584E004D8275 /* JSwift */,
				E22B39F120A4B4B7005EFF9B /* JSwiftTests */,
				E208544D20A2783600DC6D6D /* JSwiftExtension */,
				E28BE5722048584E004D8275 /* Products */,
				ABA12A95BD0C32062C6A137C /* Frameworks */,
				2D1F46DA34B4D5A1C61622ED /* Pods */,
			);
			sourceTree = "<group>";
		};
		E28BE5722048584E004D8275 /* Products */ = {
			isa = PBXGroup;
			children = (
				E28BE5712048584E004D8275 /* JSwift.app */,
				E28BE5832048584F004D8275 /* JSwiftTests.xctest */,
				E208544B20A2783500DC6D6D /* JSwiftExtension.appex */,
			);
			name = Products;
			sourceTree = "<group>";
		};
		E28BE5732048584E004D8275 /* JSwift */ = {
			isa = PBXGroup;
			children = (
				E2565EAD209522200076B24F /* Extensions */,
				E2565EAC20951FC40076B24F /* Helpers */,
				E2565EAB20951F8D0076B24F /* Generator */,
				E2565EAA20951F6E0076B24F /* Primitives */,
				E28BE5742048584E004D8275 /* AppDelegate.swift */,
				E28BE5762048584E004D8275 /* ViewController.swift */,
				E28BE5782048584E004D8275 /* Assets.xcassets */,
				E28BE57A2048584E004D8275 /* Main.storyboard */,
				E28BE57D2048584E004D8275 /* Info.plist */,
				E28BE57E2048584E004D8275 /* JSwift.entitlements */,
				E208544520A2577A00DC6D6D /* Errors.swift */,
			);
			path = JSwift;
			sourceTree = "<group>";
		};
/* End PBXGroup section */

/* Begin PBXNativeTarget section */
		E208544A20A2783500DC6D6D /* JSwiftExtension */ = {
			isa = PBXNativeTarget;
			buildConfigurationList = E208545720A2783600DC6D6D /* Build configuration list for PBXNativeTarget "JSwiftExtension" */;
			buildPhases = (
				59731E7D2E0B52A9762779C0 /* [CP] Check Pods Manifest.lock */,
				E208544720A2783500DC6D6D /* Sources */,
				E208544820A2783500DC6D6D /* Frameworks */,
				E208544920A2783500DC6D6D /* Resources */,
				7A39EE168D4D79F7AFEA3A1A /* [CP] Copy Pods Resources */,
			);
			buildRules = (
			);
			dependencies = (
			);
			name = JSwiftExtension;
			productName = JSwiftExtension;
			productReference = E208544B20A2783500DC6D6D /* JSwiftExtension.appex */;
			productType = "com.apple.product-type.xcode-extension";
		};
		E28BE5702048584E004D8275 /* JSwift */ = {
			isa = PBXNativeTarget;
			buildConfigurationList = E28BE58C2048584F004D8275 /* Build configuration list for PBXNativeTarget "JSwift" */;
			buildPhases = (
				A9D4384E45E53F2E3E0745C6 /* [CP] Check Pods Manifest.lock */,
				E28BE56D2048584E004D8275 /* Sources */,
				E28BE56E2048584E004D8275 /* Frameworks */,
				E28BE56F2048584E004D8275 /* Resources */,
				E26FD89820750A85007441B0 /* ShellScript */,
				E2772C8A20791E06004BE3E5 /* Embed App Extensions */,
				95F5BE100C5005AF5BFC4D4F /* [CP] Embed Pods Frameworks */,
				3A2D410ABD1F8D12A80F9D00 /* [CP] Copy Pods Resources */,
			);
			buildRules = (
			);
			dependencies = (
				E208545520A2783600DC6D6D /* PBXTargetDependency */,
			);
			name = JSwift;
			productName = JSON2SWIFT;
			productReference = E28BE5712048584E004D8275 /* JSwift.app */;
			productType = "com.apple.product-type.application";
		};
		E28BE5822048584F004D8275 /* JSwiftTests */ = {
			isa = PBXNativeTarget;
			buildConfigurationList = E28BE58F2048584F004D8275 /* Build configuration list for PBXNativeTarget "JSwiftTests" */;
			buildPhases = (
				21982E2EEFDDFAADEEEE1A3F /* [CP] Check Pods Manifest.lock */,
				E28BE57F2048584F004D8275 /* Sources */,
				E28BE5802048584F004D8275 /* Frameworks */,
				E28BE5812048584F004D8275 /* Resources */,
				04141C71E98CF8450E03E48F /* [CP] Embed Pods Frameworks */,
				A79C3D46892F6462617273D2 /* [CP] Copy Pods Resources */,
			);
			buildRules = (
			);
			dependencies = (
				E28BE5852048584F004D8275 /* PBXTargetDependency */,
			);
			name = JSwiftTests;
			productName = JSON2SWIFTTests;
			productReference = E28BE5832048584F004D8275 /* JSwiftTests.xctest */;
			productType = "com.apple.product-type.bundle.unit-test";
		};
/* End PBXNativeTarget section */

/* Begin PBXProject section */
		E28BE5692048584E004D8275 /* Project object */ = {
			isa = PBXProject;
			attributes = {
				LastSwiftUpdateCheck = 0920;
				LastUpgradeCheck = 0920;
				ORGANIZATIONNAME = conradomateu;
				TargetAttributes = {
					E208544A20A2783500DC6D6D = {
						CreatedOnToolsVersion = 9.2;
						ProvisioningStyle = Automatic;
					};
					E28BE5702048584E004D8275 = {
						CreatedOnToolsVersion = 9.2;
						ProvisioningStyle = Automatic;
						SystemCapabilities = {
							com.apple.Push = {
								enabled = 0;
							};
						};
					};
					E28BE5822048584F004D8275 = {
						CreatedOnToolsVersion = 9.2;
						ProvisioningStyle = Automatic;
						TestTargetID = E28BE5702048584E004D8275;
					};
				};
			};
			buildConfigurationList = E28BE56C2048584E004D8275 /* Build configuration list for PBXProject "JSwift" */;
			compatibilityVersion = "Xcode 8.0";
			developmentRegion = en;
			hasScannedForEncodings = 0;
			knownRegions = (
				en,
				Base,
			);
			mainGroup = E28BE5682048584E004D8275;
			productRefGroup = E28BE5722048584E004D8275 /* Products */;
			projectDirPath = "";
			projectRoot = "";
			targets = (
				E28BE5702048584E004D8275 /* JSwift */,
				E28BE5822048584F004D8275 /* JSwiftTests */,
				E208544A20A2783500DC6D6D /* JSwiftExtension */,
			);
		};
/* End PBXProject section */

/* Begin PBXResourcesBuildPhase section */
		E208544920A2783500DC6D6D /* Resources */ = {
			isa = PBXResourcesBuildPhase;
			buildActionMask = 2147483647;
			files = (
			);
			runOnlyForDeploymentPostprocessing = 0;
		};
		E28BE56F2048584E004D8275 /* Resources */ = {
			isa = PBXResourcesBuildPhase;
			buildActionMask = 2147483647;
			files = (
				E28BE5792048584E004D8275 /* Assets.xcassets in Resources */,
				E28BE57C2048584E004D8275 /* Main.storyboard in Resources */,
			);
			runOnlyForDeploymentPostprocessing = 0;
		};
		E28BE5812048584F004D8275 /* Resources */ = {
			isa = PBXResourcesBuildPhase;
			buildActionMask = 2147483647;
			files = (
				E22B3A0220A4B4B7005EFF9B /* Object.json in Resources */,
				E22B39FF20A4B4B7005EFF9B /* ArrayObject.json in Resources */,
				E22B39FD20A4B4B7005EFF9B /* Info.plist in Resources */,
				E22B3A0020A4B4B7005EFF9B /* Data.json in Resources */,
				E22B3A0120A4B4B7005EFF9B /* JSON.json in Resources */,
			);
			runOnlyForDeploymentPostprocessing = 0;
		};
/* End PBXResourcesBuildPhase section */

/* Begin PBXShellScriptBuildPhase section */
		04141C71E98CF8450E03E48F /* [CP] Embed Pods Frameworks */ = {
			isa = PBXShellScriptBuildPhase;
			buildActionMask = 2147483647;
			files = (
			);
			inputPaths = (
			);
			name = "[CP] Embed Pods Frameworks";
			outputPaths = (
			);
			runOnlyForDeploymentPostprocessing = 0;
			shellPath = /bin/sh;
			shellScript = "\"${SRCROOT}/Pods/Target Support Files/Pods-JSwiftTests/Pods-JSwiftTests-frameworks.sh\"\n";
			showEnvVarsInLog = 0;
		};
		21982E2EEFDDFAADEEEE1A3F /* [CP] Check Pods Manifest.lock */ = {
			isa = PBXShellScriptBuildPhase;
			buildActionMask = 2147483647;
			files = (
			);
			inputPaths = (
			);
			name = "[CP] Check Pods Manifest.lock";
			outputPaths = (
			);
			runOnlyForDeploymentPostprocessing = 0;
			shellPath = /bin/sh;
			shellScript = "diff \"${PODS_PODFILE_DIR_PATH}/Podfile.lock\" \"${PODS_ROOT}/Manifest.lock\" > /dev/null\nif [ $? != 0 ] ; then\n    # print error to STDERR\n    echo \"error: The sandbox is not in sync with the Podfile.lock. Run 'pod install' or update your CocoaPods installation.\" >&2\n    exit 1\nfi\n";
			showEnvVarsInLog = 0;
		};
		3A2D410ABD1F8D12A80F9D00 /* [CP] Copy Pods Resources */ = {
			isa = PBXShellScriptBuildPhase;
			buildActionMask = 2147483647;
			files = (
			);
			inputPaths = (
			);
			name = "[CP] Copy Pods Resources";
			outputPaths = (
			);
			runOnlyForDeploymentPostprocessing = 0;
			shellPath = /bin/sh;
			shellScript = "\"${SRCROOT}/Pods/Target Support Files/Pods-JSwift/Pods-JSwift-resources.sh\"\n";
			showEnvVarsInLog = 0;
		};
		59731E7D2E0B52A9762779C0 /* [CP] Check Pods Manifest.lock */ = {
			isa = PBXShellScriptBuildPhase;
			buildActionMask = 2147483647;
			files = (
			);
			inputPaths = (
			);
			name = "[CP] Check Pods Manifest.lock";
			outputPaths = (
			);
			runOnlyForDeploymentPostprocessing = 0;
			shellPath = /bin/sh;
			shellScript = "diff \"${PODS_PODFILE_DIR_PATH}/Podfile.lock\" \"${PODS_ROOT}/Manifest.lock\" > /dev/null\nif [ $? != 0 ] ; then\n    # print error to STDERR\n    echo \"error: The sandbox is not in sync with the Podfile.lock. Run 'pod install' or update your CocoaPods installation.\" >&2\n    exit 1\nfi\n";
			showEnvVarsInLog = 0;
		};
		7A39EE168D4D79F7AFEA3A1A /* [CP] Copy Pods Resources */ = {
			isa = PBXShellScriptBuildPhase;
			buildActionMask = 2147483647;
			files = (
			);
			inputPaths = (
			);
			name = "[CP] Copy Pods Resources";
			outputPaths = (
			);
			runOnlyForDeploymentPostprocessing = 0;
			shellPath = /bin/sh;
			shellScript = "\"${SRCROOT}/Pods/Target Support Files/Pods-JSwiftExtension/Pods-JSwiftExtension-resources.sh\"\n";
			showEnvVarsInLog = 0;
		};
		95F5BE100C5005AF5BFC4D4F /* [CP] Embed Pods Frameworks */ = {
			isa = PBXShellScriptBuildPhase;
			buildActionMask = 2147483647;
			files = (
			);
			inputPaths = (
			);
			name = "[CP] Embed Pods Frameworks";
			outputPaths = (
			);
			runOnlyForDeploymentPostprocessing = 0;
			shellPath = /bin/sh;
			shellScript = "\"${SRCROOT}/Pods/Target Support Files/Pods-JSwift/Pods-JSwift-frameworks.sh\"\n";
			showEnvVarsInLog = 0;
		};
		A79C3D46892F6462617273D2 /* [CP] Copy Pods Resources */ = {
			isa = PBXShellScriptBuildPhase;
			buildActionMask = 2147483647;
			files = (
			);
			inputPaths = (
			);
			name = "[CP] Copy Pods Resources";
			outputPaths = (
			);
			runOnlyForDeploymentPostprocessing = 0;
			shellPath = /bin/sh;
			shellScript = "\"${SRCROOT}/Pods/Target Support Files/Pods-JSwiftTests/Pods-JSwiftTests-resources.sh\"\n";
			showEnvVarsInLog = 0;
		};
		A9D4384E45E53F2E3E0745C6 /* [CP] Check Pods Manifest.lock */ = {
			isa = PBXShellScriptBuildPhase;
			buildActionMask = 2147483647;
			files = (
			);
			inputPaths = (
			);
			name = "[CP] Check Pods Manifest.lock";
			outputPaths = (
			);
			runOnlyForDeploymentPostprocessing = 0;
			shellPath = /bin/sh;
			shellScript = "diff \"${PODS_PODFILE_DIR_PATH}/Podfile.lock\" \"${PODS_ROOT}/Manifest.lock\" > /dev/null\nif [ $? != 0 ] ; then\n    # print error to STDERR\n    echo \"error: The sandbox is not in sync with the Podfile.lock. Run 'pod install' or update your CocoaPods installation.\" >&2\n    exit 1\nfi\n";
			showEnvVarsInLog = 0;
		};
		E26FD89820750A85007441B0 /* ShellScript */ = {
			isa = PBXShellScriptBuildPhase;
			buildActionMask = 2147483647;
			files = (
			);
			inputPaths = (
			);
			outputPaths = (
			);
			runOnlyForDeploymentPostprocessing = 0;
			shellPath = /bin/sh;
			shellScript = "if which swiftlint >/dev/null; then\nswiftlint\nelse\necho \"warning: SwiftLint not installed, download from https://github.com/realm/SwiftLint\"\nfi";
		};
/* End PBXShellScriptBuildPhase section */

/* Begin PBXSourcesBuildPhase section */
		E208544720A2783500DC6D6D /* Sources */ = {
			isa = PBXSourcesBuildPhase;
			buildActionMask = 2147483647;
			files = (
				E224377420A2F75F00305F46 /* SwiftGenerator.swift in Sources */,
				E208544F20A2783600DC6D6D /* SourceEditorExtension.swift in Sources */,
				E224377020A2F75300305F46 /* Extensions.swift in Sources */,
				E224377720A2F76700305F46 /* PrimitiveTypes.swift in Sources */,
				E224377920A2F76C00305F46 /* Errors.swift in Sources */,
				E224377820A2F76A00305F46 /* PrimitiveTypeHelper.swift in Sources */,
				E224377220A2F75900305F46 /* PathFinder.swift in Sources */,
				E208545120A2783600DC6D6D /* SourceEditorCommand.swift in Sources */,
				E224377520A2F76200305F46 /* FileGenerator.swift in Sources */,
				E224377620A2F76400305F46 /* DictGenerator.swift in Sources */,
				E224377320A2F75D00305F46 /* Assembler.swift in Sources */,
			);
			runOnlyForDeploymentPostprocessing = 0;
		};
		E28BE56D2048584E004D8275 /* Sources */ = {
			isa = PBXSourcesBuildPhase;
			buildActionMask = 2147483647;
			files = (
				E28BE5772048584E004D8275 /* ViewController.swift in Sources */,
				E2B0529120497EBC0091C024 /* FileGenerator.swift in Sources */,
				E2EFFBC22048C70300D7C943 /* Extensions.swift in Sources */,
				E2F4FF1A20487B4300E6E7D1 /* PrimitiveTypes.swift in Sources */,
				E208544620A2577A00DC6D6D /* Errors.swift in Sources */,
				E2178929209888A900DF4A87 /* DictGenerator.swift in Sources */,
				E2677E7C207F7F9400315A03 /* PathFinder.swift in Sources */,
				E28BE5752048584E004D8275 /* AppDelegate.swift in Sources */,
				E2F4FF1820487AFE00E6E7D1 /* PrimitiveTypeHelper.swift in Sources */,
				E21789272098886D00DF4A87 /* Assembler.swift in Sources */,
				E261719B207F85D900ED74C8 /* SwiftGenerator.swift in Sources */,
			);
			runOnlyForDeploymentPostprocessing = 0;
		};
		E28BE57F2048584F004D8275 /* Sources */ = {
			isa = PBXSourcesBuildPhase;
			buildActionMask = 2147483647;
			files = (
				E22B3A0320A4B4B7005EFF9B /* JSON.swift in Sources */,
				E22B39FC20A4B4B7005EFF9B /* AssembleJSONTests.swift in Sources */,
				E22B3A0420A4B4B7005EFF9B /* PrimitiveTypeHelperTests.swift in Sources */,
			);
			runOnlyForDeploymentPostprocessing = 0;
		};
/* End PBXSourcesBuildPhase section */

/* Begin PBXTargetDependency section */
		E208545520A2783600DC6D6D /* PBXTargetDependency */ = {
			isa = PBXTargetDependency;
			target = E208544A20A2783500DC6D6D /* JSwiftExtension */;
			targetProxy = E208545420A2783600DC6D6D /* PBXContainerItemProxy */;
		};
		E28BE5852048584F004D8275 /* PBXTargetDependency */ = {
			isa = PBXTargetDependency;
			target = E28BE5702048584E004D8275 /* JSwift */;
			targetProxy = E28BE5842048584F004D8275 /* PBXContainerItemProxy */;
		};
/* End PBXTargetDependency section */

/* Begin PBXVariantGroup section */
		E28BE57A2048584E004D8275 /* Main.storyboard */ = {
			isa = PBXVariantGroup;
			children = (
				E28BE57B2048584E004D8275 /* Base */,
			);
			name = Main.storyboard;
			sourceTree = "<group>";
		};
/* End PBXVariantGroup section */

/* Begin XCBuildConfiguration section */
		E208545820A2783600DC6D6D /* Debug */ = {
			isa = XCBuildConfiguration;
			baseConfigurationReference = 979ECFC8D95E4120ADBC5F34 /* Pods-JSwiftExtension.debug.xcconfig */;
			buildSettings = {
				CODE_SIGN_ENTITLEMENTS = JSwiftExtension/JSwiftExtension.entitlements;
				CODE_SIGN_IDENTITY = "Mac Developer";
				CODE_SIGN_STYLE = Automatic;
				COMBINE_HIDPI_IMAGES = YES;
				DEVELOPMENT_TEAM = 596PS285KG;
				INFOPLIST_FILE = JSwiftExtension/Info.plist;
				LD_RUNPATH_SEARCH_PATHS = "$(inherited) @executable_path/../Frameworks @executable_path/../../../../Frameworks";
				PRODUCT_BUNDLE_IDENTIFIER = com.conradomateu.JSwift.JSwiftExtension;
				PRODUCT_NAME = "$(TARGET_NAME)";
				PROVISIONING_PROFILE_SPECIFIER = "";
				SKIP_INSTALL = YES;
				SWIFT_VERSION = 4.0;
			};
			name = Debug;
		};
		E208545920A2783600DC6D6D /* Release */ = {
			isa = XCBuildConfiguration;
			baseConfigurationReference = C973E000797033748C36EB7A /* Pods-JSwiftExtension.release.xcconfig */;
			buildSettings = {
				CODE_SIGN_ENTITLEMENTS = JSwiftExtension/JSwiftExtension.entitlements;
				CODE_SIGN_IDENTITY = "Mac Developer";
				CODE_SIGN_STYLE = Automatic;
				COMBINE_HIDPI_IMAGES = YES;
				DEVELOPMENT_TEAM = 596PS285KG;
				INFOPLIST_FILE = JSwiftExtension/Info.plist;
				LD_RUNPATH_SEARCH_PATHS = "$(inherited) @executable_path/../Frameworks @executable_path/../../../../Frameworks";
				PRODUCT_BUNDLE_IDENTIFIER = com.conradomateu.JSwift.JSwiftExtension;
				PRODUCT_NAME = "$(TARGET_NAME)";
				PROVISIONING_PROFILE_SPECIFIER = "";
				SKIP_INSTALL = YES;
				SWIFT_VERSION = 4.0;
			};
			name = Release;
		};
		E28BE58A2048584F004D8275 /* Debug */ = {
			isa = XCBuildConfiguration;
			buildSettings = {
				ALWAYS_SEARCH_USER_PATHS = NO;
				CLANG_ANALYZER_NONNULL = YES;
				CLANG_ANALYZER_NUMBER_OBJECT_CONVERSION = YES_AGGRESSIVE;
				CLANG_CXX_LANGUAGE_STANDARD = "gnu++14";
				CLANG_CXX_LIBRARY = "libc++";
				CLANG_ENABLE_MODULES = YES;
				CLANG_ENABLE_OBJC_ARC = YES;
				CLANG_WARN_BLOCK_CAPTURE_AUTORELEASING = YES;
				CLANG_WARN_BOOL_CONVERSION = YES;
				CLANG_WARN_COMMA = YES;
				CLANG_WARN_CONSTANT_CONVERSION = YES;
				CLANG_WARN_DIRECT_OBJC_ISA_USAGE = YES_ERROR;
				CLANG_WARN_DOCUMENTATION_COMMENTS = YES;
				CLANG_WARN_EMPTY_BODY = YES;
				CLANG_WARN_ENUM_CONVERSION = YES;
				CLANG_WARN_INFINITE_RECURSION = YES;
				CLANG_WARN_INT_CONVERSION = YES;
				CLANG_WARN_NON_LITERAL_NULL_CONVERSION = YES;
				CLANG_WARN_OBJC_LITERAL_CONVERSION = YES;
				CLANG_WARN_OBJC_ROOT_CLASS = YES_ERROR;
				CLANG_WARN_RANGE_LOOP_ANALYSIS = YES;
				CLANG_WARN_STRICT_PROTOTYPES = YES;
				CLANG_WARN_SUSPICIOUS_MOVE = YES;
				CLANG_WARN_UNGUARDED_AVAILABILITY = YES_AGGRESSIVE;
				CLANG_WARN_UNREACHABLE_CODE = YES;
				CLANG_WARN__DUPLICATE_METHOD_MATCH = YES;
				CODE_SIGN_IDENTITY = "Mac Developer";
				COPY_PHASE_STRIP = NO;
				DEBUG_INFORMATION_FORMAT = dwarf;
				ENABLE_STRICT_OBJC_MSGSEND = YES;
				ENABLE_TESTABILITY = YES;
				GCC_C_LANGUAGE_STANDARD = gnu11;
				GCC_DYNAMIC_NO_PIC = NO;
				GCC_NO_COMMON_BLOCKS = YES;
				GCC_OPTIMIZATION_LEVEL = 0;
				GCC_PREPROCESSOR_DEFINITIONS = (
					"DEBUG=1",
					"$(inherited)",
				);
				GCC_WARN_64_TO_32_BIT_CONVERSION = YES;
				GCC_WARN_ABOUT_RETURN_TYPE = YES_ERROR;
				GCC_WARN_UNDECLARED_SELECTOR = YES;
				GCC_WARN_UNINITIALIZED_AUTOS = YES_AGGRESSIVE;
				GCC_WARN_UNUSED_FUNCTION = YES;
				GCC_WARN_UNUSED_VARIABLE = YES;
				MACOSX_DEPLOYMENT_TARGET = 10.12;
				MTL_ENABLE_DEBUG_INFO = YES;
				ONLY_ACTIVE_ARCH = YES;
				SDKROOT = macosx;
				SWIFT_ACTIVE_COMPILATION_CONDITIONS = DEBUG;
				SWIFT_OPTIMIZATION_LEVEL = "-Onone";
			};
			name = Debug;
		};
		E28BE58B2048584F004D8275 /* Release */ = {
			isa = XCBuildConfiguration;
			buildSettings = {
				ALWAYS_SEARCH_USER_PATHS = NO;
				CLANG_ANALYZER_NONNULL = YES;
				CLANG_ANALYZER_NUMBER_OBJECT_CONVERSION = YES_AGGRESSIVE;
				CLANG_CXX_LANGUAGE_STANDARD = "gnu++14";
				CLANG_CXX_LIBRARY = "libc++";
				CLANG_ENABLE_MODULES = YES;
				CLANG_ENABLE_OBJC_ARC = YES;
				CLANG_WARN_BLOCK_CAPTURE_AUTORELEASING = YES;
				CLANG_WARN_BOOL_CONVERSION = YES;
				CLANG_WARN_COMMA = YES;
				CLANG_WARN_CONSTANT_CONVERSION = YES;
				CLANG_WARN_DIRECT_OBJC_ISA_USAGE = YES_ERROR;
				CLANG_WARN_DOCUMENTATION_COMMENTS = YES;
				CLANG_WARN_EMPTY_BODY = YES;
				CLANG_WARN_ENUM_CONVERSION = YES;
				CLANG_WARN_INFINITE_RECURSION = YES;
				CLANG_WARN_INT_CONVERSION = YES;
				CLANG_WARN_NON_LITERAL_NULL_CONVERSION = YES;
				CLANG_WARN_OBJC_LITERAL_CONVERSION = YES;
				CLANG_WARN_OBJC_ROOT_CLASS = YES_ERROR;
				CLANG_WARN_RANGE_LOOP_ANALYSIS = YES;
				CLANG_WARN_STRICT_PROTOTYPES = YES;
				CLANG_WARN_SUSPICIOUS_MOVE = YES;
				CLANG_WARN_UNGUARDED_AVAILABILITY = YES_AGGRESSIVE;
				CLANG_WARN_UNREACHABLE_CODE = YES;
				CLANG_WARN__DUPLICATE_METHOD_MATCH = YES;
				CODE_SIGN_IDENTITY = "Mac Developer";
				COPY_PHASE_STRIP = NO;
				DEBUG_INFORMATION_FORMAT = "dwarf-with-dsym";
				ENABLE_NS_ASSERTIONS = NO;
				ENABLE_STRICT_OBJC_MSGSEND = YES;
				GCC_C_LANGUAGE_STANDARD = gnu11;
				GCC_NO_COMMON_BLOCKS = YES;
				GCC_WARN_64_TO_32_BIT_CONVERSION = YES;
				GCC_WARN_ABOUT_RETURN_TYPE = YES_ERROR;
				GCC_WARN_UNDECLARED_SELECTOR = YES;
				GCC_WARN_UNINITIALIZED_AUTOS = YES_AGGRESSIVE;
				GCC_WARN_UNUSED_FUNCTION = YES;
				GCC_WARN_UNUSED_VARIABLE = YES;
				MACOSX_DEPLOYMENT_TARGET = 10.12;
				MTL_ENABLE_DEBUG_INFO = NO;
				SDKROOT = macosx;
				SWIFT_OPTIMIZATION_LEVEL = "-Owholemodule";
			};
			name = Release;
		};
		E28BE58D2048584F004D8275 /* Debug */ = {
			isa = XCBuildConfiguration;
			baseConfigurationReference = C3CADD60671B5ABC581CE373 /* Pods-JSwift.debug.xcconfig */;
			buildSettings = {
				ALWAYS_EMBED_SWIFT_STANDARD_LIBRARIES = YES;
				ASSETCATALOG_COMPILER_APPICON_NAME = AppIcon;
				CODE_SIGN_ENTITLEMENTS = JSwift/JSwift.entitlements;
				CODE_SIGN_IDENTITY = "Mac Developer";
				CODE_SIGN_STYLE = Automatic;
				COMBINE_HIDPI_IMAGES = YES;
				DEVELOPMENT_TEAM = 596PS285KG;
				INFOPLIST_FILE = JSwift/Info.plist;
				LD_RUNPATH_SEARCH_PATHS = "$(inherited) @executable_path/../Frameworks";
				PRODUCT_BUNDLE_IDENTIFIER = com.conradomateu.JSwift;
				PRODUCT_NAME = "$(TARGET_NAME)";
				PROVISIONING_PROFILE_SPECIFIER = "";
				SWIFT_VERSION = 4.0;
			};
			name = Debug;
		};
		E28BE58E2048584F004D8275 /* Release */ = {
			isa = XCBuildConfiguration;
			baseConfigurationReference = 09AB57692AA3D688CCAB0D43 /* Pods-JSwift.release.xcconfig */;
			buildSettings = {
				ALWAYS_EMBED_SWIFT_STANDARD_LIBRARIES = YES;
				ASSETCATALOG_COMPILER_APPICON_NAME = AppIcon;
				CODE_SIGN_ENTITLEMENTS = JSwift/JSwift.entitlements;
				CODE_SIGN_IDENTITY = "Mac Developer";
				CODE_SIGN_STYLE = Automatic;
				COMBINE_HIDPI_IMAGES = YES;
				DEVELOPMENT_TEAM = 596PS285KG;
				INFOPLIST_FILE = JSwift/Info.plist;
				LD_RUNPATH_SEARCH_PATHS = "$(inherited) @executable_path/../Frameworks";
				PRODUCT_BUNDLE_IDENTIFIER = com.conradomateu.JSwift;
				PRODUCT_NAME = "$(TARGET_NAME)";
				PROVISIONING_PROFILE_SPECIFIER = "";
				SWIFT_VERSION = 4.0;
			};
			name = Release;
		};
		E28BE5902048584F004D8275 /* Debug */ = {
			isa = XCBuildConfiguration;
			baseConfigurationReference = AC9AB1ABF6DEF812C66DC00D /* Pods-JSwiftTests.debug.xcconfig */;
			buildSettings = {
				ALWAYS_EMBED_SWIFT_STANDARD_LIBRARIES = YES;
				BUNDLE_LOADER = "$(TEST_HOST)";
				CODE_SIGN_IDENTITY = "Mac Developer";
				CODE_SIGN_STYLE = Automatic;
				COMBINE_HIDPI_IMAGES = YES;
				DEVELOPMENT_TEAM = 596PS285KG;
				INFOPLIST_FILE = JSwiftTests/Info.plist;
				LD_RUNPATH_SEARCH_PATHS = "$(inherited) @executable_path/../Frameworks @loader_path/../Frameworks";
				PRODUCT_BUNDLE_IDENTIFIER = com.conradomateu.JSwiftTests;
				PRODUCT_NAME = "$(TARGET_NAME)";
				PROVISIONING_PROFILE_SPECIFIER = "";
				SWIFT_VERSION = 4.0;
				TEST_HOST = "$(BUILT_PRODUCTS_DIR)/JSwift.app/Contents/MacOS/JSwift";
			};
			name = Debug;
		};
		E28BE5912048584F004D8275 /* Release */ = {
			isa = XCBuildConfiguration;
			baseConfigurationReference = 3E0877BAA78024E01CF05DC1 /* Pods-JSwiftTests.release.xcconfig */;
			buildSettings = {
				ALWAYS_EMBED_SWIFT_STANDARD_LIBRARIES = YES;
				BUNDLE_LOADER = "$(TEST_HOST)";
				CODE_SIGN_IDENTITY = "Mac Developer";
				CODE_SIGN_STYLE = Automatic;
				COMBINE_HIDPI_IMAGES = YES;
				DEVELOPMENT_TEAM = 596PS285KG;
				INFOPLIST_FILE = JSwiftTests/Info.plist;
				LD_RUNPATH_SEARCH_PATHS = "$(inherited) @executable_path/../Frameworks @loader_path/../Frameworks";
				PRODUCT_BUNDLE_IDENTIFIER = com.conradomateu.JSwiftTests;
				PRODUCT_NAME = "$(TARGET_NAME)";
				PROVISIONING_PROFILE_SPECIFIER = "";
				SWIFT_VERSION = 4.0;
				TEST_HOST = "$(BUILT_PRODUCTS_DIR)/JSwift.app/Contents/MacOS/JSwift";
			};
			name = Release;
		};
/* End XCBuildConfiguration section */

/* Begin XCConfigurationList section */
		E208545720A2783600DC6D6D /* Build configuration list for PBXNativeTarget "JSwiftExtension" */ = {
			isa = XCConfigurationList;
			buildConfigurations = (
				E208545820A2783600DC6D6D /* Debug */,
				E208545920A2783600DC6D6D /* Release */,
			);
			defaultConfigurationIsVisible = 0;
			defaultConfigurationName = Release;
		};
		E28BE56C2048584E004D8275 /* Build configuration list for PBXProject "JSwift" */ = {
			isa = XCConfigurationList;
			buildConfigurations = (
				E28BE58A2048584F004D8275 /* Debug */,
				E28BE58B2048584F004D8275 /* Release */,
			);
			defaultConfigurationIsVisible = 0;
			defaultConfigurationName = Release;
		};
		E28BE58C2048584F004D8275 /* Build configuration list for PBXNativeTarget "JSwift" */ = {
			isa = XCConfigurationList;
			buildConfigurations = (
				E28BE58D2048584F004D8275 /* Debug */,
				E28BE58E2048584F004D8275 /* Release */,
			);
			defaultConfigurationIsVisible = 0;
			defaultConfigurationName = Release;
		};
		E28BE58F2048584F004D8275 /* Build configuration list for PBXNativeTarget "JSwiftTests" */ = {
			isa = XCConfigurationList;
			buildConfigurations = (
				E28BE5902048584F004D8275 /* Debug */,
				E28BE5912048584F004D8275 /* Release */,
			);
			defaultConfigurationIsVisible = 0;
			defaultConfigurationName = Release;
		};
/* End XCConfigurationList section */
	};
	rootObject = E28BE5692048584E004D8275 /* Project object */;
}
